// !$*UTF8*$!
{
	archiveVersion = 1;
	classes = {
	};
	objectVersion = 50;
	objects = {

/* Begin PBXBuildFile section */
		717CDBC227D89B8F008CB546 /* ImageUIComposer.swift in Sources */ = {isa = PBXBuildFile; fileRef = 717CDBC127D89B8F008CB546 /* ImageUIComposer.swift */; };
		717CDBC527D8CC1E008CB546 /* Coordinator.swift in Sources */ = {isa = PBXBuildFile; fileRef = 717CDBC427D8CC1E008CB546 /* Coordinator.swift */; };
		717CDBC727D8CC53008CB546 /* AppCoordinator.swift in Sources */ = {isa = PBXBuildFile; fileRef = 717CDBC627D8CC53008CB546 /* AppCoordinator.swift */; };
		717CDBC927D8E6E7008CB546 /* UserDefaultStore.swift in Sources */ = {isa = PBXBuildFile; fileRef = 717CDBC827D8E6E7008CB546 /* UserDefaultStore.swift */; };
		717CDBCB27D8E71B008CB546 /* CoreDataStore.swift in Sources */ = {isa = PBXBuildFile; fileRef = 717CDBCA27D8E71B008CB546 /* CoreDataStore.swift */; };
		717CDBCE27D8ED69008CB546 /* ImageLoaderWithFallbackComposite.swift in Sources */ = {isa = PBXBuildFile; fileRef = 717CDBCD27D8ED69008CB546 /* ImageLoaderWithFallbackComposite.swift */; };
		717CDBD127D8F496008CB546 /* Constans.swift in Sources */ = {isa = PBXBuildFile; fileRef = 717CDBD027D8F496008CB546 /* Constans.swift */; };
		71A2249527D74B5600773222 /* AppDelegate.swift in Sources */ = {isa = PBXBuildFile; fileRef = 71A2249427D74B5600773222 /* AppDelegate.swift */; };
		71A2249727D74B5600773222 /* SceneDelegate.swift in Sources */ = {isa = PBXBuildFile; fileRef = 71A2249627D74B5600773222 /* SceneDelegate.swift */; };
		71A2249927D74B5600773222 /* ViewController.swift in Sources */ = {isa = PBXBuildFile; fileRef = 71A2249827D74B5600773222 /* ViewController.swift */; };
		71A2249C27D74B5600773222 /* Main.storyboard in Resources */ = {isa = PBXBuildFile; fileRef = 71A2249A27D74B5600773222 /* Main.storyboard */; };
		71A2249E27D74B5900773222 /* Assets.xcassets in Resources */ = {isa = PBXBuildFile; fileRef = 71A2249D27D74B5900773222 /* Assets.xcassets */; };
		71A224A127D74B5900773222 /* LaunchScreen.storyboard in Resources */ = {isa = PBXBuildFile; fileRef = 71A2249F27D74B5900773222 /* LaunchScreen.storyboard */; };
		71A224AC27D74B5900773222 /* ALiftPhotoTests.swift in Sources */ = {isa = PBXBuildFile; fileRef = 71A224AB27D74B5900773222 /* ALiftPhotoTests.swift */; };
		71A224B727D74B5900773222 /* ALiftPhotoUITests.swift in Sources */ = {isa = PBXBuildFile; fileRef = 71A224B627D74B5900773222 /* ALiftPhotoUITests.swift */; };
		71A224C827D74CAD00773222 /* HTTPClient.swift in Sources */ = {isa = PBXBuildFile; fileRef = 71A224C727D74CAD00773222 /* HTTPClient.swift */; };
		71A224CA27D74E3E00773222 /* RemoteImageLoader.swift in Sources */ = {isa = PBXBuildFile; fileRef = 71A224C927D74E3E00773222 /* RemoteImageLoader.swift */; };
		71A224CC27D74F4800773222 /* RemoteImageLoaderTests.swift in Sources */ = {isa = PBXBuildFile; fileRef = 71A224CB27D74F4800773222 /* RemoteImageLoaderTests.swift */; };
		71A224CE27D7549B00773222 /* ErrorHandling.swift in Sources */ = {isa = PBXBuildFile; fileRef = 71A224CD27D7549B00773222 /* ErrorHandling.swift */; };
		71A224D027D754EB00773222 /* ImageLoaderResult.swift in Sources */ = {isa = PBXBuildFile; fileRef = 71A224CF27D754EB00773222 /* ImageLoaderResult.swift */; };
		71A224D327D7569600773222 /* ImageItem.swift in Sources */ = {isa = PBXBuildFile; fileRef = 71A224D227D7569600773222 /* ImageItem.swift */; };
		71A224D527D7633B00773222 /* ImageItemMapper.swift in Sources */ = {isa = PBXBuildFile; fileRef = 71A224D427D7633B00773222 /* ImageItemMapper.swift */; };
		71A224D727D7671D00773222 /* ImageLoader.swift in Sources */ = {isa = PBXBuildFile; fileRef = 71A224D627D7671D00773222 /* ImageLoader.swift */; };
		71A224DA27D7715300773222 /* URLSessionHTTPClient.swift in Sources */ = {isa = PBXBuildFile; fileRef = 71A224D927D7715300773222 /* URLSessionHTTPClient.swift */; };
		71A224DC27D772AB00773222 /* HTTPSession.swift in Sources */ = {isa = PBXBuildFile; fileRef = 71A224DB27D772AB00773222 /* HTTPSession.swift */; };
		71A224DF27D7763300773222 /* LocalImageLoader.swift in Sources */ = {isa = PBXBuildFile; fileRef = 71A224DE27D7763300773222 /* LocalImageLoader.swift */; };
		71A224E127D77A5F00773222 /* ImageStore.swift in Sources */ = {isa = PBXBuildFile; fileRef = 71A224E027D77A5F00773222 /* ImageStore.swift */; };
		71A224E327D78A9B00773222 /* LocalImageLoaderTests.swift in Sources */ = {isa = PBXBuildFile; fileRef = 71A224E227D78A9B00773222 /* LocalImageLoaderTests.swift */; };
		71A224E527D78D0B00773222 /* Helpers.swift in Sources */ = {isa = PBXBuildFile; fileRef = 71A224E427D78D0B00773222 /* Helpers.swift */; };
		71A224E727D7F44100773222 /* GalleryCollectionViewController.swift in Sources */ = {isa = PBXBuildFile; fileRef = 71A224E627D7F44100773222 /* GalleryCollectionViewController.swift */; };
		71A224EB27D7F48700773222 /* ImageCollectionViewCell.swift in Sources */ = {isa = PBXBuildFile; fileRef = 71A224EA27D7F48700773222 /* ImageCollectionViewCell.swift */; };
		71A224ED27D7F61700773222 /* ImageViewModel.swift in Sources */ = {isa = PBXBuildFile; fileRef = 71A224EC27D7F61700773222 /* ImageViewModel.swift */; };
		71A224EF27D7F77200773222 /* ImageDataLoader.swift in Sources */ = {isa = PBXBuildFile; fileRef = 71A224EE27D7F77200773222 /* ImageDataLoader.swift */; };
		71A224F127D7F85100773222 /* ImageRefreshViewController.swift in Sources */ = {isa = PBXBuildFile; fileRef = 71A224F027D7F85100773222 /* ImageRefreshViewController.swift */; };
		71A224F427D8067A00773222 /* ImageCellController.swift in Sources */ = {isa = PBXBuildFile; fileRef = 71A224F327D8067A00773222 /* ImageCellController.swift */; };
/* End PBXBuildFile section */

/* Begin PBXContainerItemProxy section */
		71A224A827D74B5900773222 /* PBXContainerItemProxy */ = {
			isa = PBXContainerItemProxy;
			containerPortal = 71A2248927D74B5600773222 /* Project object */;
			proxyType = 1;
			remoteGlobalIDString = 71A2249027D74B5600773222;
			remoteInfo = ALiftPhoto;
		};
		71A224B327D74B5900773222 /* PBXContainerItemProxy */ = {
			isa = PBXContainerItemProxy;
			containerPortal = 71A2248927D74B5600773222 /* Project object */;
			proxyType = 1;
			remoteGlobalIDString = 71A2249027D74B5600773222;
			remoteInfo = ALiftPhoto;
		};
/* End PBXContainerItemProxy section */

/* Begin PBXFileReference section */
		717CDBC127D89B8F008CB546 /* ImageUIComposer.swift */ = {isa = PBXFileReference; lastKnownFileType = sourcecode.swift; path = ImageUIComposer.swift; sourceTree = "<group>"; };
		717CDBC427D8CC1E008CB546 /* Coordinator.swift */ = {isa = PBXFileReference; lastKnownFileType = sourcecode.swift; path = Coordinator.swift; sourceTree = "<group>"; };
		717CDBC627D8CC53008CB546 /* AppCoordinator.swift */ = {isa = PBXFileReference; lastKnownFileType = sourcecode.swift; path = AppCoordinator.swift; sourceTree = "<group>"; };
		717CDBC827D8E6E7008CB546 /* UserDefaultStore.swift */ = {isa = PBXFileReference; lastKnownFileType = sourcecode.swift; path = UserDefaultStore.swift; sourceTree = "<group>"; };
		717CDBCA27D8E71B008CB546 /* CoreDataStore.swift */ = {isa = PBXFileReference; lastKnownFileType = sourcecode.swift; path = CoreDataStore.swift; sourceTree = "<group>"; };
		717CDBCD27D8ED69008CB546 /* ImageLoaderWithFallbackComposite.swift */ = {isa = PBXFileReference; lastKnownFileType = sourcecode.swift; path = ImageLoaderWithFallbackComposite.swift; sourceTree = "<group>"; };
		717CDBD027D8F496008CB546 /* Constans.swift */ = {isa = PBXFileReference; lastKnownFileType = sourcecode.swift; path = Constans.swift; sourceTree = "<group>"; };
		71A2249127D74B5600773222 /* ALiftPhoto.app */ = {isa = PBXFileReference; explicitFileType = wrapper.application; includeInIndex = 0; path = ALiftPhoto.app; sourceTree = BUILT_PRODUCTS_DIR; };
		71A2249427D74B5600773222 /* AppDelegate.swift */ = {isa = PBXFileReference; lastKnownFileType = sourcecode.swift; path = AppDelegate.swift; sourceTree = "<group>"; };
		71A2249627D74B5600773222 /* SceneDelegate.swift */ = {isa = PBXFileReference; lastKnownFileType = sourcecode.swift; path = SceneDelegate.swift; sourceTree = "<group>"; };
		71A2249827D74B5600773222 /* ViewController.swift */ = {isa = PBXFileReference; lastKnownFileType = sourcecode.swift; path = ViewController.swift; sourceTree = "<group>"; };
		71A2249B27D74B5600773222 /* Base */ = {isa = PBXFileReference; lastKnownFileType = file.storyboard; name = Base; path = Base.lproj/Main.storyboard; sourceTree = "<group>"; };
		71A2249D27D74B5900773222 /* Assets.xcassets */ = {isa = PBXFileReference; lastKnownFileType = folder.assetcatalog; path = Assets.xcassets; sourceTree = "<group>"; };
		71A224A027D74B5900773222 /* Base */ = {isa = PBXFileReference; lastKnownFileType = file.storyboard; name = Base; path = Base.lproj/LaunchScreen.storyboard; sourceTree = "<group>"; };
		71A224A227D74B5900773222 /* Info.plist */ = {isa = PBXFileReference; lastKnownFileType = text.plist.xml; path = Info.plist; sourceTree = "<group>"; };
		71A224A727D74B5900773222 /* ALiftPhotoTests.xctest */ = {isa = PBXFileReference; explicitFileType = wrapper.cfbundle; includeInIndex = 0; path = ALiftPhotoTests.xctest; sourceTree = BUILT_PRODUCTS_DIR; };
		71A224AB27D74B5900773222 /* ALiftPhotoTests.swift */ = {isa = PBXFileReference; lastKnownFileType = sourcecode.swift; path = ALiftPhotoTests.swift; sourceTree = "<group>"; };
		71A224AD27D74B5900773222 /* Info.plist */ = {isa = PBXFileReference; lastKnownFileType = text.plist.xml; path = Info.plist; sourceTree = "<group>"; };
		71A224B227D74B5900773222 /* ALiftPhotoUITests.xctest */ = {isa = PBXFileReference; explicitFileType = wrapper.cfbundle; includeInIndex = 0; path = ALiftPhotoUITests.xctest; sourceTree = BUILT_PRODUCTS_DIR; };
		71A224B627D74B5900773222 /* ALiftPhotoUITests.swift */ = {isa = PBXFileReference; lastKnownFileType = sourcecode.swift; path = ALiftPhotoUITests.swift; sourceTree = "<group>"; };
		71A224B827D74B5900773222 /* Info.plist */ = {isa = PBXFileReference; lastKnownFileType = text.plist.xml; path = Info.plist; sourceTree = "<group>"; };
		71A224C727D74CAD00773222 /* HTTPClient.swift */ = {isa = PBXFileReference; lastKnownFileType = sourcecode.swift; path = HTTPClient.swift; sourceTree = "<group>"; };
		71A224C927D74E3E00773222 /* RemoteImageLoader.swift */ = {isa = PBXFileReference; lastKnownFileType = sourcecode.swift; path = RemoteImageLoader.swift; sourceTree = "<group>"; };
		71A224CB27D74F4800773222 /* RemoteImageLoaderTests.swift */ = {isa = PBXFileReference; lastKnownFileType = sourcecode.swift; path = RemoteImageLoaderTests.swift; sourceTree = "<group>"; };
		71A224CD27D7549B00773222 /* ErrorHandling.swift */ = {isa = PBXFileReference; lastKnownFileType = sourcecode.swift; path = ErrorHandling.swift; sourceTree = "<group>"; };
		71A224CF27D754EB00773222 /* ImageLoaderResult.swift */ = {isa = PBXFileReference; lastKnownFileType = sourcecode.swift; path = ImageLoaderResult.swift; sourceTree = "<group>"; };
		71A224D227D7569600773222 /* ImageItem.swift */ = {isa = PBXFileReference; lastKnownFileType = sourcecode.swift; path = ImageItem.swift; sourceTree = "<group>"; };
		71A224D427D7633B00773222 /* ImageItemMapper.swift */ = {isa = PBXFileReference; lastKnownFileType = sourcecode.swift; path = ImageItemMapper.swift; sourceTree = "<group>"; };
		71A224D627D7671D00773222 /* ImageLoader.swift */ = {isa = PBXFileReference; lastKnownFileType = sourcecode.swift; path = ImageLoader.swift; sourceTree = "<group>"; };
		71A224D927D7715300773222 /* URLSessionHTTPClient.swift */ = {isa = PBXFileReference; lastKnownFileType = sourcecode.swift; path = URLSessionHTTPClient.swift; sourceTree = "<group>"; };
		71A224DB27D772AB00773222 /* HTTPSession.swift */ = {isa = PBXFileReference; lastKnownFileType = sourcecode.swift; path = HTTPSession.swift; sourceTree = "<group>"; };
		71A224DE27D7763300773222 /* LocalImageLoader.swift */ = {isa = PBXFileReference; lastKnownFileType = sourcecode.swift; path = LocalImageLoader.swift; sourceTree = "<group>"; };
		71A224E027D77A5F00773222 /* ImageStore.swift */ = {isa = PBXFileReference; lastKnownFileType = sourcecode.swift; path = ImageStore.swift; sourceTree = "<group>"; };
		71A224E227D78A9B00773222 /* LocalImageLoaderTests.swift */ = {isa = PBXFileReference; lastKnownFileType = sourcecode.swift; path = LocalImageLoaderTests.swift; sourceTree = "<group>"; };
		71A224E427D78D0B00773222 /* Helpers.swift */ = {isa = PBXFileReference; lastKnownFileType = sourcecode.swift; path = Helpers.swift; sourceTree = "<group>"; };
		71A224E627D7F44100773222 /* GalleryCollectionViewController.swift */ = {isa = PBXFileReference; lastKnownFileType = sourcecode.swift; path = GalleryCollectionViewController.swift; sourceTree = "<group>"; };
		71A224EA27D7F48700773222 /* ImageCollectionViewCell.swift */ = {isa = PBXFileReference; lastKnownFileType = sourcecode.swift; path = ImageCollectionViewCell.swift; sourceTree = "<group>"; };
		71A224EC27D7F61700773222 /* ImageViewModel.swift */ = {isa = PBXFileReference; lastKnownFileType = sourcecode.swift; path = ImageViewModel.swift; sourceTree = "<group>"; };
		71A224EE27D7F77200773222 /* ImageDataLoader.swift */ = {isa = PBXFileReference; lastKnownFileType = sourcecode.swift; path = ImageDataLoader.swift; sourceTree = "<group>"; };
		71A224F027D7F85100773222 /* ImageRefreshViewController.swift */ = {isa = PBXFileReference; lastKnownFileType = sourcecode.swift; path = ImageRefreshViewController.swift; sourceTree = "<group>"; };
		71A224F327D8067A00773222 /* ImageCellController.swift */ = {isa = PBXFileReference; lastKnownFileType = sourcecode.swift; path = ImageCellController.swift; sourceTree = "<group>"; };
/* End PBXFileReference section */

/* Begin PBXFrameworksBuildPhase section */
		71A2248E27D74B5600773222 /* Frameworks */ = {
			isa = PBXFrameworksBuildPhase;
			buildActionMask = 2147483647;
			files = (
			);
			runOnlyForDeploymentPostprocessing = 0;
		};
		71A224A427D74B5900773222 /* Frameworks */ = {
			isa = PBXFrameworksBuildPhase;
			buildActionMask = 2147483647;
			files = (
			);
			runOnlyForDeploymentPostprocessing = 0;
		};
		71A224AF27D74B5900773222 /* Frameworks */ = {
			isa = PBXFrameworksBuildPhase;
			buildActionMask = 2147483647;
			files = (
			);
			runOnlyForDeploymentPostprocessing = 0;
		};
/* End PBXFrameworksBuildPhase section */

/* Begin PBXGroup section */
		717CDBC327D8CC10008CB546 /* Coordinator */ = {
			isa = PBXGroup;
			children = (
				717CDBC427D8CC1E008CB546 /* Coordinator.swift */,
				717CDBC627D8CC53008CB546 /* AppCoordinator.swift */,
			);
			path = Coordinator;
			sourceTree = "<group>";
		};
		717CDBCC27D8ED3D008CB546 /* Composite */ = {
			isa = PBXGroup;
			children = (
				717CDBCD27D8ED69008CB546 /* ImageLoaderWithFallbackComposite.swift */,
			);
			path = Composite;
			sourceTree = "<group>";
		};
		717CDBCF27D8F486008CB546 /* Constants */ = {
			isa = PBXGroup;
			children = (
				717CDBD027D8F496008CB546 /* Constans.swift */,
			);
			path = Constants;
			sourceTree = "<group>";
		};
		717CDBD227D90A2A008CB546 /* Helpers */ = {
			isa = PBXGroup;
			children = (
				71A224E427D78D0B00773222 /* Helpers.swift */,
			);
			path = Helpers;
			sourceTree = "<group>";
		};
		717CDBD327D90A4E008CB546 /* LoadersTest */ = {
			isa = PBXGroup;
			children = (
				71A224CB27D74F4800773222 /* RemoteImageLoaderTests.swift */,
				71A224E227D78A9B00773222 /* LocalImageLoaderTests.swift */,
			);
			path = LoadersTest;
			sourceTree = "<group>";
		};
		717CDBD427D90A9E008CB546 /* stores */ = {
			isa = PBXGroup;
			children = (
				717CDBCA27D8E71B008CB546 /* CoreDataStore.swift */,
				717CDBC827D8E6E7008CB546 /* UserDefaultStore.swift */,
			);
			path = stores;
			sourceTree = "<group>";
		};
		71A2248827D74B5600773222 = {
			isa = PBXGroup;
			children = (
				71A2249327D74B5600773222 /* ALiftPhoto */,
				71A224AA27D74B5900773222 /* ALiftPhotoTests */,
				71A224B527D74B5900773222 /* ALiftPhotoUITests */,
				71A2249227D74B5600773222 /* Products */,
			);
			sourceTree = "<group>";
		};
		71A2249227D74B5600773222 /* Products */ = {
			isa = PBXGroup;
			children = (
				71A2249127D74B5600773222 /* ALiftPhoto.app */,
				71A224A727D74B5900773222 /* ALiftPhotoTests.xctest */,
				71A224B227D74B5900773222 /* ALiftPhotoUITests.xctest */,
			);
			name = Products;
			sourceTree = "<group>";
		};
		71A2249327D74B5600773222 /* ALiftPhoto */ = {
			isa = PBXGroup;
			children = (
				717CDBCF27D8F486008CB546 /* Constants */,
				717CDBCC27D8ED3D008CB546 /* Composite */,
				717CDBC327D8CC10008CB546 /* Coordinator */,
				71A224DD27D7760600773222 /* Cache */,
				71A224D127D7565E00773222 /* Model */,
				71A224C627D74C7900773222 /* API */,
				71A224C527D74C1F00773222 /* UI */,
				71A224C427D74C1300773222 /* ImageDataLoader */,
				71A2249427D74B5600773222 /* AppDelegate.swift */,
				71A2249627D74B5600773222 /* SceneDelegate.swift */,
				71A2249827D74B5600773222 /* ViewController.swift */,
				71A2249A27D74B5600773222 /* Main.storyboard */,
				71A2249D27D74B5900773222 /* Assets.xcassets */,
				71A2249F27D74B5900773222 /* LaunchScreen.storyboard */,
				71A224A227D74B5900773222 /* Info.plist */,
			);
			path = ALiftPhoto;
			sourceTree = "<group>";
		};
		71A224AA27D74B5900773222 /* ALiftPhotoTests */ = {
			isa = PBXGroup;
			children = (
				717CDBD327D90A4E008CB546 /* LoadersTest */,
				717CDBD227D90A2A008CB546 /* Helpers */,
				71A224AB27D74B5900773222 /* ALiftPhotoTests.swift */,
				71A224AD27D74B5900773222 /* Info.plist */,
			);
			path = ALiftPhotoTests;
			sourceTree = "<group>";
		};
		71A224B527D74B5900773222 /* ALiftPhotoUITests */ = {
			isa = PBXGroup;
			children = (
				71A224B627D74B5900773222 /* ALiftPhotoUITests.swift */,
				71A224B827D74B5900773222 /* Info.plist */,
			);
			path = ALiftPhotoUITests;
			sourceTree = "<group>";
		};
		71A224C427D74C1300773222 /* ImageDataLoader */ = {
			isa = PBXGroup;
			children = (
				71A224EE27D7F77200773222 /* ImageDataLoader.swift */,
			);
			path = ImageDataLoader;
			sourceTree = "<group>";
		};
		71A224C527D74C1F00773222 /* UI */ = {
			isa = PBXGroup;
			children = (
				71A224F227D8063000773222 /* compose */,
				71A224E927D7F46D00773222 /* cells */,
				71A224E827D7F45D00773222 /* controllers */,
			);
			path = UI;
			sourceTree = "<group>";
		};
		71A224C627D74C7900773222 /* API */ = {
			isa = PBXGroup;
			children = (
				71A224D827D7711600773222 /* ImageLoader */,
				71A224C727D74CAD00773222 /* HTTPClient.swift */,
				71A224CD27D7549B00773222 /* ErrorHandling.swift */,
				71A224D927D7715300773222 /* URLSessionHTTPClient.swift */,
				71A224DB27D772AB00773222 /* HTTPSession.swift */,
			);
			path = API;
			sourceTree = "<group>";
		};
		71A224D127D7565E00773222 /* Model */ = {
			isa = PBXGroup;
			children = (
				71A224D227D7569600773222 /* ImageItem.swift */,
				71A224EC27D7F61700773222 /* ImageViewModel.swift */,
			);
			path = Model;
			sourceTree = "<group>";
		};
		71A224D827D7711600773222 /* ImageLoader */ = {
			isa = PBXGroup;
			children = (
				71A224D627D7671D00773222 /* ImageLoader.swift */,
				71A224CF27D754EB00773222 /* ImageLoaderResult.swift */,
				71A224D427D7633B00773222 /* ImageItemMapper.swift */,
				71A224C927D74E3E00773222 /* RemoteImageLoader.swift */,
			);
			path = ImageLoader;
			sourceTree = "<group>";
		};
		71A224DD27D7760600773222 /* Cache */ = {
			isa = PBXGroup;
			children = (
				717CDBD427D90A9E008CB546 /* stores */,
				71A224DE27D7763300773222 /* LocalImageLoader.swift */,
				71A224E027D77A5F00773222 /* ImageStore.swift */,
			);
			path = Cache;
			sourceTree = "<group>";
		};
		71A224E827D7F45D00773222 /* controllers */ = {
			isa = PBXGroup;
			children = (
				71A224E627D7F44100773222 /* GalleryCollectionViewController.swift */,
				71A224F027D7F85100773222 /* ImageRefreshViewController.swift */,
				71A224F327D8067A00773222 /* ImageCellController.swift */,
			);
			path = controllers;
			sourceTree = "<group>";
		};
		71A224E927D7F46D00773222 /* cells */ = {
			isa = PBXGroup;
			children = (
				71A224EA27D7F48700773222 /* ImageCollectionViewCell.swift */,
			);
			path = cells;
			sourceTree = "<group>";
		};
		71A224F227D8063000773222 /* compose */ = {
			isa = PBXGroup;
			children = (
				717CDBC127D89B8F008CB546 /* ImageUIComposer.swift */,
			);
			path = compose;
			sourceTree = "<group>";
		};
/* End PBXGroup section */

/* Begin PBXNativeTarget section */
		71A2249027D74B5600773222 /* ALiftPhoto */ = {
			isa = PBXNativeTarget;
			buildConfigurationList = 71A224BB27D74B5900773222 /* Build configuration list for PBXNativeTarget "ALiftPhoto" */;
			buildPhases = (
				71A2248D27D74B5600773222 /* Sources */,
				71A2248E27D74B5600773222 /* Frameworks */,
				71A2248F27D74B5600773222 /* Resources */,
			);
			buildRules = (
			);
			dependencies = (
			);
			name = ALiftPhoto;
			productName = ALiftPhoto;
			productReference = 71A2249127D74B5600773222 /* ALiftPhoto.app */;
			productType = "com.apple.product-type.application";
		};
		71A224A627D74B5900773222 /* ALiftPhotoTests */ = {
			isa = PBXNativeTarget;
			buildConfigurationList = 71A224BE27D74B5900773222 /* Build configuration list for PBXNativeTarget "ALiftPhotoTests" */;
			buildPhases = (
				71A224A327D74B5900773222 /* Sources */,
				71A224A427D74B5900773222 /* Frameworks */,
				71A224A527D74B5900773222 /* Resources */,
			);
			buildRules = (
			);
			dependencies = (
				71A224A927D74B5900773222 /* PBXTargetDependency */,
			);
			name = ALiftPhotoTests;
			productName = ALiftPhotoTests;
			productReference = 71A224A727D74B5900773222 /* ALiftPhotoTests.xctest */;
			productType = "com.apple.product-type.bundle.unit-test";
		};
		71A224B127D74B5900773222 /* ALiftPhotoUITests */ = {
			isa = PBXNativeTarget;
			buildConfigurationList = 71A224C127D74B5900773222 /* Build configuration list for PBXNativeTarget "ALiftPhotoUITests" */;
			buildPhases = (
				71A224AE27D74B5900773222 /* Sources */,
				71A224AF27D74B5900773222 /* Frameworks */,
				71A224B027D74B5900773222 /* Resources */,
			);
			buildRules = (
			);
			dependencies = (
				71A224B427D74B5900773222 /* PBXTargetDependency */,
			);
			name = ALiftPhotoUITests;
			productName = ALiftPhotoUITests;
			productReference = 71A224B227D74B5900773222 /* ALiftPhotoUITests.xctest */;
			productType = "com.apple.product-type.bundle.ui-testing";
		};
/* End PBXNativeTarget section */

/* Begin PBXProject section */
		71A2248927D74B5600773222 /* Project object */ = {
			isa = PBXProject;
			attributes = {
				LastSwiftUpdateCheck = 1250;
				LastUpgradeCheck = 1250;
				TargetAttributes = {
					71A2249027D74B5600773222 = {
						CreatedOnToolsVersion = 12.5;
					};
					71A224A627D74B5900773222 = {
						CreatedOnToolsVersion = 12.5;
						TestTargetID = 71A2249027D74B5600773222;
					};
					71A224B127D74B5900773222 = {
						CreatedOnToolsVersion = 12.5;
						TestTargetID = 71A2249027D74B5600773222;
					};
				};
			};
			buildConfigurationList = 71A2248C27D74B5600773222 /* Build configuration list for PBXProject "ALiftPhoto" */;
			compatibilityVersion = "Xcode 9.3";
			developmentRegion = en;
			hasScannedForEncodings = 0;
			knownRegions = (
				en,
				Base,
			);
			mainGroup = 71A2248827D74B5600773222;
			productRefGroup = 71A2249227D74B5600773222 /* Products */;
			projectDirPath = "";
			projectRoot = "";
			targets = (
				71A2249027D74B5600773222 /* ALiftPhoto */,
				71A224A627D74B5900773222 /* ALiftPhotoTests */,
				71A224B127D74B5900773222 /* ALiftPhotoUITests */,
			);
		};
/* End PBXProject section */

/* Begin PBXResourcesBuildPhase section */
		71A2248F27D74B5600773222 /* Resources */ = {
			isa = PBXResourcesBuildPhase;
			buildActionMask = 2147483647;
			files = (
				71A224A127D74B5900773222 /* LaunchScreen.storyboard in Resources */,
				71A2249E27D74B5900773222 /* Assets.xcassets in Resources */,
				71A2249C27D74B5600773222 /* Main.storyboard in Resources */,
			);
			runOnlyForDeploymentPostprocessing = 0;
		};
		71A224A527D74B5900773222 /* Resources */ = {
			isa = PBXResourcesBuildPhase;
			buildActionMask = 2147483647;
			files = (
			);
			runOnlyForDeploymentPostprocessing = 0;
		};
		71A224B027D74B5900773222 /* Resources */ = {
			isa = PBXResourcesBuildPhase;
			buildActionMask = 2147483647;
			files = (
			);
			runOnlyForDeploymentPostprocessing = 0;
		};
/* End PBXResourcesBuildPhase section */

/* Begin PBXSourcesBuildPhase section */
		71A2248D27D74B5600773222 /* Sources */ = {
			isa = PBXSourcesBuildPhase;
			buildActionMask = 2147483647;
			files = (
				71A224EF27D7F77200773222 /* ImageDataLoader.swift in Sources */,
				71A224DC27D772AB00773222 /* HTTPSession.swift in Sources */,
				717CDBCE27D8ED69008CB546 /* ImageLoaderWithFallbackComposite.swift in Sources */,
				71A2249927D74B5600773222 /* ViewController.swift in Sources */,
				71A224EB27D7F48700773222 /* ImageCollectionViewCell.swift in Sources */,
				71A2249527D74B5600773222 /* AppDelegate.swift in Sources */,
				71A224D727D7671D00773222 /* ImageLoader.swift in Sources */,
				717CDBC727D8CC53008CB546 /* AppCoordinator.swift in Sources */,
				717CDBC527D8CC1E008CB546 /* Coordinator.swift in Sources */,
				71A224DF27D7763300773222 /* LocalImageLoader.swift in Sources */,
				71A224E127D77A5F00773222 /* ImageStore.swift in Sources */,
				717CDBC927D8E6E7008CB546 /* UserDefaultStore.swift in Sources */,
				71A224CA27D74E3E00773222 /* RemoteImageLoader.swift in Sources */,
				71A224F127D7F85100773222 /* ImageRefreshViewController.swift in Sources */,
				717CDBC227D89B8F008CB546 /* ImageUIComposer.swift in Sources */,
				71A224D527D7633B00773222 /* ImageItemMapper.swift in Sources */,
				71A224CE27D7549B00773222 /* ErrorHandling.swift in Sources */,
				71A224DA27D7715300773222 /* URLSessionHTTPClient.swift in Sources */,
				71A224E727D7F44100773222 /* GalleryCollectionViewController.swift in Sources */,
				71A224ED27D7F61700773222 /* ImageViewModel.swift in Sources */,
				717CDBD127D8F496008CB546 /* Constans.swift in Sources */,
				717CDBCB27D8E71B008CB546 /* CoreDataStore.swift in Sources */,
				71A224F427D8067A00773222 /* ImageCellController.swift in Sources */,
				71A224D327D7569600773222 /* ImageItem.swift in Sources */,
				71A224D027D754EB00773222 /* ImageLoaderResult.swift in Sources */,
				71A224C827D74CAD00773222 /* HTTPClient.swift in Sources */,
				71A2249727D74B5600773222 /* SceneDelegate.swift in Sources */,
			);
			runOnlyForDeploymentPostprocessing = 0;
		};
		71A224A327D74B5900773222 /* Sources */ = {
			isa = PBXSourcesBuildPhase;
			buildActionMask = 2147483647;
			files = (
				71A224E327D78A9B00773222 /* LocalImageLoaderTests.swift in Sources */,
				71A224CC27D74F4800773222 /* RemoteImageLoaderTests.swift in Sources */,
				71A224AC27D74B5900773222 /* ALiftPhotoTests.swift in Sources */,
				71A224E527D78D0B00773222 /* Helpers.swift in Sources */,
			);
			runOnlyForDeploymentPostprocessing = 0;
		};
		71A224AE27D74B5900773222 /* Sources */ = {
			isa = PBXSourcesBuildPhase;
			buildActionMask = 2147483647;
			files = (
				71A224B727D74B5900773222 /* ALiftPhotoUITests.swift in Sources */,
			);
			runOnlyForDeploymentPostprocessing = 0;
		};
/* End PBXSourcesBuildPhase section */

/* Begin PBXTargetDependency section */
		71A224A927D74B5900773222 /* PBXTargetDependency */ = {
			isa = PBXTargetDependency;
			target = 71A2249027D74B5600773222 /* ALiftPhoto */;
			targetProxy = 71A224A827D74B5900773222 /* PBXContainerItemProxy */;
		};
		71A224B427D74B5900773222 /* PBXTargetDependency */ = {
			isa = PBXTargetDependency;
			target = 71A2249027D74B5600773222 /* ALiftPhoto */;
			targetProxy = 71A224B327D74B5900773222 /* PBXContainerItemProxy */;
		};
/* End PBXTargetDependency section */

/* Begin PBXVariantGroup section */
		71A2249A27D74B5600773222 /* Main.storyboard */ = {
			isa = PBXVariantGroup;
			children = (
				71A2249B27D74B5600773222 /* Base */,
			);
			name = Main.storyboard;
			sourceTree = "<group>";
		};
		71A2249F27D74B5900773222 /* LaunchScreen.storyboard */ = {
			isa = PBXVariantGroup;
			children = (
				71A224A027D74B5900773222 /* Base */,
			);
			name = LaunchScreen.storyboard;
			sourceTree = "<group>";
		};
/* End PBXVariantGroup section */

/* Begin XCBuildConfiguration section */
		71A224B927D74B5900773222 /* Debug */ = {
			isa = XCBuildConfiguration;
			buildSettings = {
				ALWAYS_SEARCH_USER_PATHS = NO;
				CLANG_ANALYZER_NONNULL = YES;
				CLANG_ANALYZER_NUMBER_OBJECT_CONVERSION = YES_AGGRESSIVE;
				CLANG_CXX_LANGUAGE_STANDARD = "gnu++14";
				CLANG_CXX_LIBRARY = "libc++";
				CLANG_ENABLE_MODULES = YES;
				CLANG_ENABLE_OBJC_ARC = YES;
				CLANG_ENABLE_OBJC_WEAK = YES;
				CLANG_WARN_BLOCK_CAPTURE_AUTORELEASING = YES;
				CLANG_WARN_BOOL_CONVERSION = YES;
				CLANG_WARN_COMMA = YES;
				CLANG_WARN_CONSTANT_CONVERSION = YES;
				CLANG_WARN_DEPRECATED_OBJC_IMPLEMENTATIONS = YES;
				CLANG_WARN_DIRECT_OBJC_ISA_USAGE = YES_ERROR;
				CLANG_WARN_DOCUMENTATION_COMMENTS = YES;
				CLANG_WARN_EMPTY_BODY = YES;
				CLANG_WARN_ENUM_CONVERSION = YES;
				CLANG_WARN_INFINITE_RECURSION = YES;
				CLANG_WARN_INT_CONVERSION = YES;
				CLANG_WARN_NON_LITERAL_NULL_CONVERSION = YES;
				CLANG_WARN_OBJC_IMPLICIT_RETAIN_SELF = YES;
				CLANG_WARN_OBJC_LITERAL_CONVERSION = YES;
				CLANG_WARN_OBJC_ROOT_CLASS = YES_ERROR;
				CLANG_WARN_QUOTED_INCLUDE_IN_FRAMEWORK_HEADER = YES;
				CLANG_WARN_RANGE_LOOP_ANALYSIS = YES;
				CLANG_WARN_STRICT_PROTOTYPES = YES;
				CLANG_WARN_SUSPICIOUS_MOVE = YES;
				CLANG_WARN_UNGUARDED_AVAILABILITY = YES_AGGRESSIVE;
				CLANG_WARN_UNREACHABLE_CODE = YES;
				CLANG_WARN__DUPLICATE_METHOD_MATCH = YES;
				COPY_PHASE_STRIP = NO;
				DEBUG_INFORMATION_FORMAT = dwarf;
				ENABLE_STRICT_OBJC_MSGSEND = YES;
				ENABLE_TESTABILITY = YES;
				GCC_C_LANGUAGE_STANDARD = gnu11;
				GCC_DYNAMIC_NO_PIC = NO;
				GCC_NO_COMMON_BLOCKS = YES;
				GCC_OPTIMIZATION_LEVEL = 0;
				GCC_PREPROCESSOR_DEFINITIONS = (
					"DEBUG=1",
					"$(inherited)",
				);
				GCC_WARN_64_TO_32_BIT_CONVERSION = YES;
				GCC_WARN_ABOUT_RETURN_TYPE = YES_ERROR;
				GCC_WARN_UNDECLARED_SELECTOR = YES;
				GCC_WARN_UNINITIALIZED_AUTOS = YES_AGGRESSIVE;
				GCC_WARN_UNUSED_FUNCTION = YES;
				GCC_WARN_UNUSED_VARIABLE = YES;
				IPHONEOS_DEPLOYMENT_TARGET = 14.5;
				MTL_ENABLE_DEBUG_INFO = INCLUDE_SOURCE;
				MTL_FAST_MATH = YES;
				ONLY_ACTIVE_ARCH = YES;
				SDKROOT = iphoneos;
				SWIFT_ACTIVE_COMPILATION_CONDITIONS = DEBUG;
				SWIFT_OPTIMIZATION_LEVEL = "-Onone";
			};
			name = Debug;
		};
		71A224BA27D74B5900773222 /* Release */ = {
			isa = XCBuildConfiguration;
			buildSettings = {
				ALWAYS_SEARCH_USER_PATHS = NO;
				CLANG_ANALYZER_NONNULL = YES;
				CLANG_ANALYZER_NUMBER_OBJECT_CONVERSION = YES_AGGRESSIVE;
				CLANG_CXX_LANGUAGE_STANDARD = "gnu++14";
				CLANG_CXX_LIBRARY = "libc++";
				CLANG_ENABLE_MODULES = YES;
				CLANG_ENABLE_OBJC_ARC = YES;
				CLANG_ENABLE_OBJC_WEAK = YES;
				CLANG_WARN_BLOCK_CAPTURE_AUTORELEASING = YES;
				CLANG_WARN_BOOL_CONVERSION = YES;
				CLANG_WARN_COMMA = YES;
				CLANG_WARN_CONSTANT_CONVERSION = YES;
				CLANG_WARN_DEPRECATED_OBJC_IMPLEMENTATIONS = YES;
				CLANG_WARN_DIRECT_OBJC_ISA_USAGE = YES_ERROR;
				CLANG_WARN_DOCUMENTATION_COMMENTS = YES;
				CLANG_WARN_EMPTY_BODY = YES;
				CLANG_WARN_ENUM_CONVERSION = YES;
				CLANG_WARN_INFINITE_RECURSION = YES;
				CLANG_WARN_INT_CONVERSION = YES;
				CLANG_WARN_NON_LITERAL_NULL_CONVERSION = YES;
				CLANG_WARN_OBJC_IMPLICIT_RETAIN_SELF = YES;
				CLANG_WARN_OBJC_LITERAL_CONVERSION = YES;
				CLANG_WARN_OBJC_ROOT_CLASS = YES_ERROR;
				CLANG_WARN_QUOTED_INCLUDE_IN_FRAMEWORK_HEADER = YES;
				CLANG_WARN_RANGE_LOOP_ANALYSIS = YES;
				CLANG_WARN_STRICT_PROTOTYPES = YES;
				CLANG_WARN_SUSPICIOUS_MOVE = YES;
				CLANG_WARN_UNGUARDED_AVAILABILITY = YES_AGGRESSIVE;
				CLANG_WARN_UNREACHABLE_CODE = YES;
				CLANG_WARN__DUPLICATE_METHOD_MATCH = YES;
				COPY_PHASE_STRIP = NO;
				DEBUG_INFORMATION_FORMAT = "dwarf-with-dsym";
				ENABLE_NS_ASSERTIONS = NO;
				ENABLE_STRICT_OBJC_MSGSEND = YES;
				GCC_C_LANGUAGE_STANDARD = gnu11;
				GCC_NO_COMMON_BLOCKS = YES;
				GCC_WARN_64_TO_32_BIT_CONVERSION = YES;
				GCC_WARN_ABOUT_RETURN_TYPE = YES_ERROR;
				GCC_WARN_UNDECLARED_SELECTOR = YES;
				GCC_WARN_UNINITIALIZED_AUTOS = YES_AGGRESSIVE;
				GCC_WARN_UNUSED_FUNCTION = YES;
				GCC_WARN_UNUSED_VARIABLE = YES;
				IPHONEOS_DEPLOYMENT_TARGET = 14.5;
				MTL_ENABLE_DEBUG_INFO = NO;
				MTL_FAST_MATH = YES;
				SDKROOT = iphoneos;
				SWIFT_COMPILATION_MODE = wholemodule;
				SWIFT_OPTIMIZATION_LEVEL = "-O";
				VALIDATE_PRODUCT = YES;
			};
			name = Release;
		};
		71A224BC27D74B5900773222 /* Debug */ = {
			isa = XCBuildConfiguration;
			buildSettings = {
				ASSETCATALOG_COMPILER_APPICON_NAME = AppIcon;
				ASSETCATALOG_COMPILER_GLOBAL_ACCENT_COLOR_NAME = AccentColor;
				CODE_SIGN_STYLE = Automatic;
				DEVELOPMENT_TEAM = 3SBT3SRCLC;
				INFOPLIST_FILE = ALiftPhoto/Info.plist;
				LD_RUNPATH_SEARCH_PATHS = (
					"$(inherited)",
					"@executable_path/Frameworks",
				);
				PRODUCT_BUNDLE_IDENTIFIER = com.ALiftPhoto;
				PRODUCT_NAME = "$(TARGET_NAME)";
				SWIFT_VERSION = 5.0;
				TARGETED_DEVICE_FAMILY = 1;
			};
			name = Debug;
		};
		71A224BD27D74B5900773222 /* Release */ = {
			isa = XCBuildConfiguration;
			buildSettings = {
				ASSETCATALOG_COMPILER_APPICON_NAME = AppIcon;
				ASSETCATALOG_COMPILER_GLOBAL_ACCENT_COLOR_NAME = AccentColor;
				CODE_SIGN_STYLE = Automatic;
				DEVELOPMENT_TEAM = 3SBT3SRCLC;
				INFOPLIST_FILE = ALiftPhoto/Info.plist;
				LD_RUNPATH_SEARCH_PATHS = (
					"$(inherited)",
					"@executable_path/Frameworks",
				);
				PRODUCT_BUNDLE_IDENTIFIER = com.ALiftPhoto;
				PRODUCT_NAME = "$(TARGET_NAME)";
				SWIFT_VERSION = 5.0;
				TARGETED_DEVICE_FAMILY = 1;
			};
			name = Release;
		};
		71A224BF27D74B5900773222 /* Debug */ = {
			isa = XCBuildConfiguration;
			buildSettings = {
				ALWAYS_EMBED_SWIFT_STANDARD_LIBRARIES = YES;
				BUNDLE_LOADER = "$(TEST_HOST)";
				CODE_SIGN_STYLE = Automatic;
				DEVELOPMENT_TEAM = 3SBT3SRCLC;
				INFOPLIST_FILE = ALiftPhotoTests/Info.plist;
				IPHONEOS_DEPLOYMENT_TARGET = 14.5;
				LD_RUNPATH_SEARCH_PATHS = (
					"$(inherited)",
					"@executable_path/Frameworks",
					"@loader_path/Frameworks",
				);
				PRODUCT_BUNDLE_IDENTIFIER = com.ALiftPhotoTests;
				PRODUCT_NAME = "$(TARGET_NAME)";
				SWIFT_VERSION = 5.0;
				TARGETED_DEVICE_FAMILY = "1,2";
				TEST_HOST = "$(BUILT_PRODUCTS_DIR)/ALiftPhoto.app/ALiftPhoto";
			};
			name = Debug;
		};
		71A224C027D74B5900773222 /* Release */ = {
			isa = XCBuildConfiguration;
			buildSettings = {
				ALWAYS_EMBED_SWIFT_STANDARD_LIBRARIES = YES;
				BUNDLE_LOADER = "$(TEST_HOST)";
				CODE_SIGN_STYLE = Automatic;
				DEVELOPMENT_TEAM = 3SBT3SRCLC;
				INFOPLIST_FILE = ALiftPhotoTests/Info.plist;
				IPHONEOS_DEPLOYMENT_TARGET = 14.5;
				LD_RUNPATH_SEARCH_PATHS = (
					"$(inherited)",
					"@executable_path/Frameworks",
					"@loader_path/Frameworks",
				);
				PRODUCT_BUNDLE_IDENTIFIER = com.ALiftPhotoTests;
				PRODUCT_NAME = "$(TARGET_NAME)";
				SWIFT_VERSION = 5.0;
				TARGETED_DEVICE_FAMILY = "1,2";
				TEST_HOST = "$(BUILT_PRODUCTS_DIR)/ALiftPhoto.app/ALiftPhoto";
			};
			name = Release;
		};
		71A224C227D74B5900773222 /* Debug */ = {
			isa = XCBuildConfiguration;
			buildSettings = {
				ALWAYS_EMBED_SWIFT_STANDARD_LIBRARIES = YES;
				CODE_SIGN_STYLE = Automatic;
				DEVELOPMENT_TEAM = 3SBT3SRCLC;
				INFOPLIST_FILE = ALiftPhotoUITests/Info.plist;
				LD_RUNPATH_SEARCH_PATHS = (
					"$(inherited)",
					"@executable_path/Frameworks",
					"@loader_path/Frameworks",
				);
				PRODUCT_BUNDLE_IDENTIFIER = com.ALiftPhotoUITests;
				PRODUCT_NAME = "$(TARGET_NAME)";
				SWIFT_VERSION = 5.0;
				TARGETED_DEVICE_FAMILY = "1,2";
				TEST_TARGET_NAME = ALiftPhoto;
			};
			name = Debug;
		};
		71A224C327D74B5900773222 /* Release */ = {
			isa = XCBuildConfiguration;
			buildSettings = {
				ALWAYS_EMBED_SWIFT_STANDARD_LIBRARIES = YES;
				CODE_SIGN_STYLE = Automatic;
				DEVELOPMENT_TEAM = 3SBT3SRCLC;
				INFOPLIST_FILE = ALiftPhotoUITests/Info.plist;
				LD_RUNPATH_SEARCH_PATHS = (
					"$(inherited)",
					"@executable_path/Frameworks",
					"@loader_path/Frameworks",
				);
				PRODUCT_BUNDLE_IDENTIFIER = com.ALiftPhotoUITests;
				PRODUCT_NAME = "$(TARGET_NAME)";
				SWIFT_VERSION = 5.0;
				TARGETED_DEVICE_FAMILY = "1,2";
				TEST_TARGET_NAME = ALiftPhoto;
			};
			name = Release;
		};
/* End XCBuildConfiguration section */

/* Begin XCConfigurationList section */
		71A2248C27D74B5600773222 /* Build configuration list for PBXProject "ALiftPhoto" */ = {
			isa = XCConfigurationList;
			buildConfigurations = (
				71A224B927D74B5900773222 /* Debug */,
				71A224BA27D74B5900773222 /* Release */,
			);
			defaultConfigurationIsVisible = 0;
			defaultConfigurationName = Release;
		};
		71A224BB27D74B5900773222 /* Build configuration list for PBXNativeTarget "ALiftPhoto" */ = {
			isa = XCConfigurationList;
			buildConfigurations = (
				71A224BC27D74B5900773222 /* Debug */,
				71A224BD27D74B5900773222 /* Release */,
			);
			defaultConfigurationIsVisible = 0;
			defaultConfigurationName = Release;
		};
		71A224BE27D74B5900773222 /* Build configuration list for PBXNativeTarget "ALiftPhotoTests" */ = {
			isa = XCConfigurationList;
			buildConfigurations = (
				71A224BF27D74B5900773222 /* Debug */,
				71A224C027D74B5900773222 /* Release */,
			);
			defaultConfigurationIsVisible = 0;
			defaultConfigurationName = Release;
		};
		71A224C127D74B5900773222 /* Build configuration list for PBXNativeTarget "ALiftPhotoUITests" */ = {
			isa = XCConfigurationList;
			buildConfigurations = (
				71A224C227D74B5900773222 /* Debug */,
				71A224C327D74B5900773222 /* Release */,
			);
			defaultConfigurationIsVisible = 0;
			defaultConfigurationName = Release;
		};
/* End XCConfigurationList section */
	};
	rootObject = 71A2248927D74B5600773222 /* Project object */;
}
